{
  "name": "sawtooth-splat-pipeline",
  "version": "0.0.0",
  "lockfileVersion": 3,
  "requires": true,
  "packages": {
    "": {
      "name": "sawtooth-splat-pipeline",
      "version": "0.0.0",
      "devDependencies": {
        "@playcanvas/splat-transform": "3.4.2"
      },
      "engines": {
        "node": ">=22"
      }
    },
    "node_modules/@adobe/spz": {
      "version": "0.2.3",
      "resolved": "https://registry.npmjs.org/@adobe/spz/-/spz-0.2.3.tgz",
      "integrity": "sha512-iMiIB+FUxQ2vaNxP012fdIVd4yugyq0PUXBaknGfYDE3xpTNU5PrhbLtnDTGFE9anKOwjneOuanSKqaaNpC68Q==",
      "dev": true,
      "license": "ISC"
    },
    "node_modules/@playcanvas/splat-transform": {
      "version": "3.4.2",
      "resolved": "https://registry.npmjs.org/@playcanvas/splat-transform/-/splat-transform-3.4.2.tgz",
      "integrity": "sha512-uKIS9VpBxzFnvJ6JVxOYPMeFEeS60JGj5fHmA7IdgVkKMFwF9hmE86wA5eIUJUtF0eK5eCRDCMffjVzu/ouxHg==",
      "dev": true,
      "license": "MIT",
      "dependencies": {
        "@adobe/spz": "0.2.3",
        "webgpu": "0.4.0"
      },
      "bin": {
        "splat-transform": "bin/cli.mjs"
      },
      "engines": {
        "node": ">=22.0.0"
      },
      "peerDependencies": {
        "playcanvas": "^2.0.0"
      }
    },
    "node_modules/@types/webxr": {
      "version": "0.5.24",
      "resolved": "https://registry.npmjs.org/@types/webxr/-/webxr-0.5.24.tgz",
      "integrity": "sha512-h8fgEd/DpoS9CBrjEQXR+dIDraopAEfu4wYVNY2tEPwk60stPWhvZMf4Foo5FakuQ7HFZoa8WceaWFervK2Ovg==",
      "dev": true,
      "license": "MIT",
      "peer": true
    },
    "node_modules/@webgpu/types": {
      "version": "0.1.72",
      "resolved": "https://registry.npmjs.org/@webgpu/types/-/types-0.1.72.tgz",
      "integrity": "sha512-0cF7RFM2edNoiIS1ODJp0/Gzv4/xSXhwoR0YCza+OWpJWtn4wmo9DvK91aLlH9+uUnwIriP7ZiC3WitmyhuzBw==",
      "dev": true,
      "license": "BSD-3-Clause"
    },
    "node_modules/debug": {
      "version": "4.4.3",
      "resolved": "https://registry.npmjs.org/debug/-/debug-4.4.3.tgz",
      "integrity": "sha512-RGwwWnwQvkVfavKVt22FGLw+xYSdzARwm0ru6DhTVA3umU5hZc28V3kO4stgYryrTlLpuvgI9GiijltAjNbcqA==",
      "dev": true,
      "license": "MIT",
      "dependencies": {
        "ms": "^2.1.3"
      },
      "engines": {
        "node": ">=6.0"
      },
      "peerDependenciesMeta": {
        "supports-color": {
          "optional": true
        }
      }
    },
    "node_modules/ms": {
      "version": "2.1.3",
      "resolved": "https://registry.npmjs.org/ms/-/ms-2.1.3.tgz",
      "integrity": "sha512-6FlzubTLZG3J2a/NVCAleEhjzq5oxgHyaCU9yYXvcLsvoVaHJq/s5xXI6/XXP6tz7R9xAOtHnSO/tXtF3WRTlA==",
      "dev": true,
      "license": "MIT"
    },
    "node_modules/playcanvas": {
      "version": "2.22.2",
      "resolved": "https://registry.npmjs.org/playcanvas/-/playcanvas-2.22.2.tgz",
      "integrity": "sha512-ePc1zbdrXikBdyOZrxpwSdWSZEUbV0NLdZkA4XDVZJfYqrr7PqWXQ9bY69UpG2dsNVM8d8gTKUJmCx7PO4ITRQ==",
      "dev": true,
      "license": "MIT",
      "peer": true,
      "dependencies": {
        "@types/webxr": "^0.5.24",
        "@webgpu/types": "^0.1.70"
      },
      "engines": {
        "node": ">=18.3.0"
      }
    },
    "node_modules/webgpu": {
      "version": "0.4.0",
      "resolved": "https://registry.npmjs.org/webgpu/-/webgpu-0.4.0.tgz",
      "integrity": "sha512-F5pimn3Aoi0zWjuRdiVs5TnrUwSzD2lESBohsIUsqyitWkGRQlXU2fhV6ycXlQTa1bvAf3sjqiUpBEpmSQ5ptA==",
      "dev": true,
      "hasInstallScript": true,
      "license": "MIT",
      "dependencies": {
        "@webgpu/types": "^0.1.69",
        "debug": "^4.4.0"
      }
    }
  }
}
